{
  "originHash" : "23b68d4c35cfa8d3d74fed7f7f0adb9431a365c4b9616d7a33f65e162f4e866d",
  "pins" : [
    {
      "identity" : "melonkit",
      "kind" : "remoteSourceControl",
      "location" : "https://github.com/Melon-Fashion-Group/MelonKit",
      "state" : {
        "revision" : "1150f13c830a286e83eff5780459e77f2ec5fa36",
        "version" : "0.22.3"
      }
    }
  ],
  "version" : 3
}
