{
  "originHash" : "5cf1558d804214d42082e6149a13fde22b208b5eeade6921aec008102cee1b27",
  "pins" : [
    {
      "identity" : "melonkit",
      "kind" : "remoteSourceControl",
      "location" : "https://github.com/Melon-Fashion-Group/MelonKit",
      "state" : {
        "revision" : "695e7e6d82f829a5bfe64751734d7a356ed8de1e",
        "version" : "1.2.0"
      }
    }
  ],
  "version" : 3
}
